{
  "version": 4,
  "terraform_version": "1.1.0",
  "serial": 312,
  "lineage": "22cd4e6a-a3a1-767a-9974-8270288feae1",
  "outputs": {},
  "resources": [
    {
      "mode": "managed",
      "type": "azurerm_lb",
      "name": "lb-1",
      "provider": "provider[\"registry.terraform.io/hashicorp/azurerm\"]",
      "instances": [
        {
          "schema_version": 0,
          "attributes": {
            "frontend_ip_configuration": [
              {
                "availability_zone": "No-Zone",
                "gateway_load_balancer_frontend_ip_configuration_id": "",
                "id": "/subscriptions/852bf629-64da-4b45-9cd0-6a0f4356e47e/resourceGroups/tfazure-resource_group/providers/Microsoft.Network/loadBalancers/lb-1/frontendIPConfigurations/PublicIPAddress",
                "inbound_nat_rules": [],
                "load_balancer_rules": [],
                "name": "PublicIPAddress",
                "outbound_rules": [],
                "private_ip_address": "",
                "private_ip_address_allocation": "Dynamic",
                "private_ip_address_version": "",
                "public_ip_address_id": "/subscriptions/852bf629-64da-4b45-9cd0-6a0f4356e47e/resourceGroups/tfazure-resource_group/providers/Microsoft.Network/publicIPAddresses/test",
                "public_ip_prefix_id": "",
                "subnet_id": "",
                "zones": []
              }
            ],
            "id": "/subscriptions/852bf629-64da-4b45-9cd0-6a0f4356e47e/resourceGroups/tfazure-resource_group/providers/Microsoft.Network/loadBalancers/lb-1",
            "location": "westeurope",
            "name": "lb-1",
            "private_ip_address": "",
            "private_ip_addresses": [],
            "resource_group_name": "tfazure-resource_group",
            "sku": "Basic",
            "sku_tier": "Regional",
            "tags": null,
            "timeouts": null
          },
          "sensitive_attributes": [],
          "private": "eyJlMmJmYjczMC1lY2FhLTExZTYtOGY4OC0zNDM2M2JjN2M0YzAiOnsiY3JlYXRlIjoxODAwMDAwMDAwMDAwLCJkZWxldGUiOjE4MDAwMDAwMDAwMDAsInJlYWQiOjMwMDAwMDAwMDAwMCwidXBkYXRlIjoxODAwMDAwMDAwMDAwfX0=",
          "dependencies": [
            "azurerm_public_ip.vip",
            "azurerm_resource_group.res-1"
          ]
        }
      ]
    },
    {
      "mode": "managed",
      "type": "azurerm_lb_backend_address_pool",
      "name": "bpepool",
      "provider": "provider[\"registry.terraform.io/hashicorp/azurerm\"]",
      "instances": [
        {
          "schema_version": 0,
          "attributes": {
            "backend_address": [],
            "backend_ip_configurations": [],
            "id": "/subscriptions/852bf629-64da-4b45-9cd0-6a0f4356e47e/resourceGroups/tfazure-resource_group/providers/Microsoft.Network/loadBalancers/lb-1/backendAddressPools/BackEndAddressPool",
            "load_balancing_rules": [],
            "loadbalancer_id": "/subscriptions/852bf629-64da-4b45-9cd0-6a0f4356e47e/resourceGroups/tfazure-resource_group/providers/Microsoft.Network/loadBalancers/lb-1",
            "name": "BackEndAddressPool",
            "outbound_rules": [],
            "resource_group_name": "tfazure-resource_group",
            "timeouts": null,
            "tunnel_interface": []
          },
          "sensitive_attributes": [],
          "private": "eyJlMmJmYjczMC1lY2FhLTExZTYtOGY4OC0zNDM2M2JjN2M0YzAiOnsiY3JlYXRlIjoxODAwMDAwMDAwMDAwLCJkZWxldGUiOjE4MDAwMDAwMDAwMDAsInJlYWQiOjMwMDAwMDAwMDAwMCwidXBkYXRlIjoxODAwMDAwMDAwMDAwfX0=",
          "dependencies": [
            "azurerm_lb.lb-1",
            "azurerm_public_ip.vip",
            "azurerm_resource_group.res-1"
          ]
        }
      ]
    },
    {
      "mode": "managed",
      "type": "azurerm_lb_probe",
      "name": "hth-1",
      "provider": "provider[\"registry.terraform.io/hashicorp/azurerm\"]",
      "instances": [
        {
          "schema_version": 0,
          "attributes": {
            "id": "/subscriptions/852bf629-64da-4b45-9cd0-6a0f4356e47e/resourceGroups/tfazure-resource_group/providers/Microsoft.Network/loadBalancers/lb-1/probes/ssh-running-probe",
            "interval_in_seconds": 15,
            "load_balancer_rules": [],
            "loadbalancer_id": "/subscriptions/852bf629-64da-4b45-9cd0-6a0f4356e47e/resourceGroups/tfazure-resource_group/providers/Microsoft.Network/loadBalancers/lb-1",
            "name": "ssh-running-probe",
            "number_of_probes": 2,
            "port": 80,
            "protocol": "Tcp",
            "request_path": "",
            "resource_group_name": "tfazure-resource_group",
            "timeouts": null
          },
          "sensitive_attributes": [],
          "private": "eyJlMmJmYjczMC1lY2FhLTExZTYtOGY4OC0zNDM2M2JjN2M0YzAiOnsiY3JlYXRlIjoxODAwMDAwMDAwMDAwLCJkZWxldGUiOjE4MDAwMDAwMDAwMDAsInJlYWQiOjMwMDAwMDAwMDAwMCwidXBkYXRlIjoxODAwMDAwMDAwMDAwfX0=",
          "dependencies": [
            "azurerm_lb.lb-1",
            "azurerm_public_ip.vip",
            "azurerm_resource_group.res-1"
          ]
        }
      ]
    },
    {
      "mode": "managed",
      "type": "azurerm_lb_rule",
      "name": "lbnatrule",
      "provider": "provider[\"registry.terraform.io/hashicorp/azurerm\"]",
      "instances": [
        {
          "schema_version": 0,
          "attributes": {
            "backend_address_pool_id": "/subscriptions/852bf629-64da-4b45-9cd0-6a0f4356e47e/resourceGroups/tfazure-resource_group/providers/Microsoft.Network/loadBalancers/lb-1/backendAddressPools/BackEndAddressPool",
            "backend_address_pool_ids": [
              "/subscriptions/852bf629-64da-4b45-9cd0-6a0f4356e47e/resourceGroups/tfazure-resource_group/providers/Microsoft.Network/loadBalancers/lb-1/backendAddressPools/BackEndAddressPool"
            ],
            "backend_port": 80,
            "disable_outbound_snat": false,
            "enable_floating_ip": false,
            "enable_tcp_reset": false,
            "frontend_ip_configuration_id": "/subscriptions/852bf629-64da-4b45-9cd0-6a0f4356e47e/resourceGroups/tfazure-resource_group/providers/Microsoft.Network/loadBalancers/lb-1/frontendIPConfigurations/PublicIPAddress",
            "frontend_ip_configuration_name": "PublicIPAddress",
            "frontend_port": 80,
            "id": "/subscriptions/852bf629-64da-4b45-9cd0-6a0f4356e47e/resourceGroups/tfazure-resource_group/providers/Microsoft.Network/loadBalancers/lb-1/loadBalancingRules/http",
            "idle_timeout_in_minutes": 4,
            "load_distribution": "Default",
            "loadbalancer_id": "/subscriptions/852bf629-64da-4b45-9cd0-6a0f4356e47e/resourceGroups/tfazure-resource_group/providers/Microsoft.Network/loadBalancers/lb-1",
            "name": "http",
            "probe_id": "/subscriptions/852bf629-64da-4b45-9cd0-6a0f4356e47e/resourceGroups/tfazure-resource_group/providers/Microsoft.Network/loadBalancers/lb-1/probes/ssh-running-probe",
            "protocol": "Tcp",
            "resource_group_name": "tfazure-resource_group",
            "timeouts": null
          },
          "sensitive_attributes": [],
          "private": "eyJlMmJmYjczMC1lY2FhLTExZTYtOGY4OC0zNDM2M2JjN2M0YzAiOnsiY3JlYXRlIjoxODAwMDAwMDAwMDAwLCJkZWxldGUiOjE4MDAwMDAwMDAwMDAsInJlYWQiOjMwMDAwMDAwMDAwMCwidXBkYXRlIjoxODAwMDAwMDAwMDAwfX0=",
          "dependencies": [
            "azurerm_lb.lb-1",
            "azurerm_lb_backend_address_pool.bpepool",
            "azurerm_lb_probe.hth-1",
            "azurerm_public_ip.vip",
            "azurerm_resource_group.res-1"
          ]
        }
      ]
    },
    {
      "mode": "managed",
      "type": "azurerm_network_security_group",
      "name": "nsg-1",
      "provider": "provider[\"registry.terraform.io/hashicorp/azurerm\"]",
      "instances": [
        {
          "schema_version": 0,
          "attributes": {
            "id": "/subscriptions/852bf629-64da-4b45-9cd0-6a0f4356e47e/resourceGroups/tfazure-resource_group/providers/Microsoft.Network/networkSecurityGroups/tfazure-nsg",
            "location": "westeurope",
            "name": "tfazure-nsg",
            "resource_group_name": "tfazure-resource_group",
            "security_rule": [
              {
                "access": "Allow",
                "description": "",
                "destination_address_prefix": "*",
                "destination_address_prefixes": [],
                "destination_application_security_group_ids": [],
                "destination_port_range": "22",
                "destination_port_ranges": [],
                "direction": "Inbound",
                "name": "SSH",
                "priority": 1001,
                "protocol": "Tcp",
                "source_address_prefix": "*",
                "source_address_prefixes": [],
                "source_application_security_group_ids": [],
                "source_port_range": "*",
                "source_port_ranges": []
              },
              {
                "access": "Allow",
                "description": "",
                "destination_address_prefix": "*",
                "destination_address_prefixes": [],
                "destination_application_security_group_ids": [],
                "destination_port_range": "80",
                "destination_port_ranges": [],
                "direction": "Inbound",
                "name": "HTTP",
                "priority": 1002,
                "protocol": "Tcp",
                "source_address_prefix": "*",
                "source_address_prefixes": [],
                "source_application_security_group_ids": [],
                "source_port_range": "*",
                "source_port_ranges": []
              }
            ],
            "tags": null,
            "timeouts": null
          },
          "sensitive_attributes": [],
          "private": "eyJlMmJmYjczMC1lY2FhLTExZTYtOGY4OC0zNDM2M2JjN2M0YzAiOnsiY3JlYXRlIjoxODAwMDAwMDAwMDAwLCJkZWxldGUiOjE4MDAwMDAwMDAwMDAsInJlYWQiOjMwMDAwMDAwMDAwMCwidXBkYXRlIjoxODAwMDAwMDAwMDAwfX0=",
          "dependencies": [
            "azurerm_resource_group.res-1"
          ]
        }
      ]
    },
    {
      "mode": "managed",
      "type": "azurerm_public_ip",
      "name": "vip",
      "provider": "provider[\"registry.terraform.io/hashicorp/azurerm\"]",
      "instances": [
        {
          "schema_version": 0,
          "attributes": {
            "allocation_method": "Static",
            "availability_zone": "No-Zone",
            "domain_name_label": null,
            "fqdn": null,
            "id": "/subscriptions/852bf629-64da-4b45-9cd0-6a0f4356e47e/resourceGroups/tfazure-resource_group/providers/Microsoft.Network/publicIPAddresses/test",
            "idle_timeout_in_minutes": 4,
            "ip_address": "20.93.151.236",
            "ip_tags": null,
            "ip_version": "IPv4",
            "location": "westeurope",
            "name": "test",
            "public_ip_prefix_id": null,
            "resource_group_name": "tfazure-resource_group",
            "reverse_fqdn": null,
            "sku": "Basic",
            "sku_tier": "Regional",
            "tags": {
              "environment": "staging"
            },
            "timeouts": null,
            "zones": []
          },
          "sensitive_attributes": [],
          "private": "eyJlMmJmYjczMC1lY2FhLTExZTYtOGY4OC0zNDM2M2JjN2M0YzAiOnsiY3JlYXRlIjoxODAwMDAwMDAwMDAwLCJkZWxldGUiOjE4MDAwMDAwMDAwMDAsInJlYWQiOjMwMDAwMDAwMDAwMCwidXBkYXRlIjoxODAwMDAwMDAwMDAwfX0=",
          "dependencies": [
            "azurerm_resource_group.res-1"
          ]
        }
      ]
    },
    {
      "mode": "managed",
      "type": "azurerm_resource_group",
      "name": "res-1",
      "provider": "provider[\"registry.terraform.io/hashicorp/azurerm\"]",
      "instances": [
        {
          "schema_version": 0,
          "attributes": {
            "id": "/subscriptions/852bf629-64da-4b45-9cd0-6a0f4356e47e/resourceGroups/tfazure-resource_group",
            "location": "westeurope",
            "name": "tfazure-resource_group",
            "tags": null,
            "timeouts": null
          },
          "sensitive_attributes": [],
          "private": "eyJlMmJmYjczMC1lY2FhLTExZTYtOGY4OC0zNDM2M2JjN2M0YzAiOnsiY3JlYXRlIjo1NDAwMDAwMDAwMDAwLCJkZWxldGUiOjU0MDAwMDAwMDAwMDAsInJlYWQiOjMwMDAwMDAwMDAwMCwidXBkYXRlIjo1NDAwMDAwMDAwMDAwfX0="
        }
      ]
    },
    {
      "mode": "managed",
      "type": "azurerm_subnet",
      "name": "subnet-1",
      "provider": "provider[\"registry.terraform.io/hashicorp/azurerm\"]",
      "instances": [
        {
          "schema_version": 0,
          "attributes": {
            "address_prefix": "10.0.0.0/24",
            "address_prefixes": [
              "10.0.0.0/24"
            ],
            "delegation": [],
            "enforce_private_link_endpoint_network_policies": false,
            "enforce_private_link_service_network_policies": false,
            "id": "/subscriptions/852bf629-64da-4b45-9cd0-6a0f4356e47e/resourceGroups/tfazure-resource_group/providers/Microsoft.Network/virtualNetworks/tfazure-vnet/subnets/tfazure-sub",
            "name": "tfazure-sub",
            "resource_group_name": "tfazure-resource_group",
            "service_endpoint_policy_ids": null,
            "service_endpoints": null,
            "timeouts": null,
            "virtual_network_name": "tfazure-vnet"
          },
          "sensitive_attributes": [],
          "private": "eyJlMmJmYjczMC1lY2FhLTExZTYtOGY4OC0zNDM2M2JjN2M0YzAiOnsiY3JlYXRlIjoxODAwMDAwMDAwMDAwLCJkZWxldGUiOjE4MDAwMDAwMDAwMDAsInJlYWQiOjMwMDAwMDAwMDAwMCwidXBkYXRlIjoxODAwMDAwMDAwMDAwfX0=",
          "dependencies": [
            "azurerm_resource_group.res-1",
            "azurerm_virtual_network.vnet-1"
          ]
        }
      ]
    },
    {
      "mode": "managed",
      "type": "azurerm_subnet_network_security_group_association",
      "name": "sub-sec",
      "provider": "provider[\"registry.terraform.io/hashicorp/azurerm\"]",
      "instances": [
        {
          "schema_version": 0,
          "attributes": {
            "id": "/subscriptions/852bf629-64da-4b45-9cd0-6a0f4356e47e/resourceGroups/tfazure-resource_group/providers/Microsoft.Network/virtualNetworks/tfazure-vnet/subnets/tfazure-sub",
            "network_security_group_id": "/subscriptions/852bf629-64da-4b45-9cd0-6a0f4356e47e/resourceGroups/tfazure-resource_group/providers/Microsoft.Network/networkSecurityGroups/tfazure-nsg",
            "subnet_id": "/subscriptions/852bf629-64da-4b45-9cd0-6a0f4356e47e/resourceGroups/tfazure-resource_group/providers/Microsoft.Network/virtualNetworks/tfazure-vnet/subnets/tfazure-sub",
            "timeouts": null
          },
          "sensitive_attributes": [],
          "private": "eyJlMmJmYjczMC1lY2FhLTExZTYtOGY4OC0zNDM2M2JjN2M0YzAiOnsiY3JlYXRlIjoxODAwMDAwMDAwMDAwLCJkZWxldGUiOjE4MDAwMDAwMDAwMDAsInJlYWQiOjMwMDAwMDAwMDAwMCwidXBkYXRlIjoxODAwMDAwMDAwMDAwfX0=",
          "dependencies": [
            "azurerm_network_security_group.nsg-1",
            "azurerm_resource_group.res-1",
            "azurerm_subnet.subnet-1",
            "azurerm_virtual_network.vnet-1"
          ]
        }
      ]
    },
    {
      "mode": "managed",
      "type": "azurerm_virtual_machine_scale_set",
      "name": "example",
      "provider": "provider[\"registry.terraform.io/hashicorp/azurerm\"]",
      "instances": [
        {
          "schema_version": 1,
          "attributes": {
            "automatic_os_upgrade": false,
            "boot_diagnostics": [],
            "eviction_policy": "",
            "extension": [],
            "health_probe_id": null,
            "id": "/subscriptions/852bf629-64da-4b45-9cd0-6a0f4356e47e/resourceGroups/tfazure-resource_group/providers/Microsoft.Compute/virtualMachineScaleSets/example-vmss",
            "identity": [],
            "license_type": "",
            "location": "westeurope",
            "name": "example-vmss",
            "network_profile": [
              {
                "accelerated_networking": false,
                "dns_settings": [
                  {
                    "dns_servers": []
                  }
                ],
                "ip_configuration": [
                  {
                    "application_gateway_backend_address_pool_ids": [],
                    "application_security_group_ids": [],
                    "load_balancer_backend_address_pool_ids": [
                      "/subscriptions/852bf629-64da-4b45-9cd0-6a0f4356e47e/resourceGroups/tfazure-resource_group/providers/Microsoft.Network/loadBalancers/lb-1/backendAddressPools/BackEndAddressPool"
                    ],
                    "load_balancer_inbound_nat_rules_ids": [],
                    "name": "internal",
                    "primary": true,
                    "public_ip_address_configuration": [
                      {
                        "domain_name_label": "deploy-vmsc-ubuntu",
                        "idle_timeout": 4,
                        "name": "pip"
                      }
                    ],
                    "subnet_id": "/subscriptions/852bf629-64da-4b45-9cd0-6a0f4356e47e/resourceGroups/tfazure-resource_group/providers/Microsoft.Network/virtualNetworks/tfazure-vnet/subnets/tfazure-sub"
                  }
                ],
                "ip_forwarding": false,
                "name": "example",
                "network_security_group_id": "",
                "primary": true
              }
            ],
            "os_profile": [
              {
                "admin_password": "",
                "admin_username": "adminuser",
                "computer_name_prefix": "testvm",
                "custom_data": ""
              }
            ],
            "os_profile_linux_config": [
              {
                "disable_password_authentication": true,
                "ssh_keys": [
                  {
                    "key_data": "ssh-rsa AAAAB3NzaC1yc2EAAAADAQABAAABgQDDRUU8LLzVzlTmLIU47vI25BTSS61SVS2WTfCRUokaXCpKyoC9JQSrx7nYI9gSeGM22lCX173UQkugpnZrLcIHGCj5UTGkht8qWnw2NsjUAOaoTF4T3gfwFGF6Wra1dGyyqNobfSOry5lXdpW5m1srqcbbxR5MkV5HjAiTQ2Lj1EJrsU5QwA/fuRdilp0226iahydJhaTDtBsttrVsnBYmjYZTqEG2mOzN+ijrXR9c68OJYumdRrunepqnkCSNTObB8rYLgTB1cY5nKUDbK1IypkLmIZC5TJfMHuSKNcaxg7xUIfSrNUOAd75VKwGPEl+IF34XBZtdFQ3CgFXo6U/1gcT6cO0MUyVW2zAKD7hM+lJfNzEr9npigdyOetuCKsrT+iQaijEITNS1fJnIWsWzFLCgOz4x5bzC3no6E2No8OnGjIxctaTKV2vExZwZdhgbJ+oWCPU+lGpR0qQyy/FZHGN1ppA4K/LhombFCLpSfKrkYA+NDe5Ws2YfMj74iWc= yura@DESKTOP-H3443RM\n",
                    "path": "/home/adminuser/.ssh/authorized_keys"
                  }
                ]
              }
            ],
            "os_profile_secrets": [],
            "os_profile_windows_config": [],
            "overprovision": true,
            "plan": [],
            "priority": "",
            "proximity_placement_group_id": null,
            "resource_group_name": "tfazure-resource_group",
            "rolling_upgrade_policy": [],
            "single_placement_group": true,
            "sku": [
              {
                "capacity": 2,
                "name": "Standard_DS1_v2",
                "tier": "Standard"
              }
            ],
            "storage_profile_data_disk": [
              {
                "caching": "ReadWrite",
                "create_option": "Empty",
                "disk_size_gb": 10,
                "lun": 0,
                "managed_disk_type": "Standard_LRS"
              }
            ],
            "storage_profile_image_reference": [
              {
                "id": "",
                "offer": "UbuntuServer",
                "publisher": "Canonical",
                "sku": "18.04-LTS",
                "version": "latest"
              }
            ],
            "storage_profile_os_disk": [
              {
                "caching": "ReadWrite",
                "create_option": "FromImage",
                "image": "",
                "managed_disk_type": "Standard_LRS",
                "name": "",
                "os_type": "",
                "vhd_containers": []
              }
            ],
            "tags": null,
            "timeouts": null,
            "upgrade_policy_mode": "Manual",
            "zones": null
          },
          "sensitive_attributes": [],
          "private": "eyJlMmJmYjczMC1lY2FhLTExZTYtOGY4OC0zNDM2M2JjN2M0YzAiOnsiY3JlYXRlIjozNjAwMDAwMDAwMDAwLCJkZWxldGUiOjM2MDAwMDAwMDAwMDAsInJlYWQiOjMwMDAwMDAwMDAwMCwidXBkYXRlIjozNjAwMDAwMDAwMDAwfSwic2NoZW1hX3ZlcnNpb24iOiIxIn0=",
          "dependencies": [
            "azurerm_lb.lb-1",
            "azurerm_lb_backend_address_pool.bpepool",
            "azurerm_public_ip.vip",
            "azurerm_resource_group.res-1",
            "azurerm_subnet.subnet-1",
            "azurerm_virtual_network.vnet-1"
          ]
        }
      ]
    },
    {
      "mode": "managed",
      "type": "azurerm_virtual_network",
      "name": "vnet-1",
      "provider": "provider[\"registry.terraform.io/hashicorp/azurerm\"]",
      "instances": [
        {
          "schema_version": 0,
          "attributes": {
            "address_space": [
              "10.0.0.0/16"
            ],
            "bgp_community": "",
            "ddos_protection_plan": [],
            "dns_servers": [],
            "flow_timeout_in_minutes": 0,
            "guid": "33503f76-4e1f-4896-b0b4-2f161506aa30",
            "id": "/subscriptions/852bf629-64da-4b45-9cd0-6a0f4356e47e/resourceGroups/tfazure-resource_group/providers/Microsoft.Network/virtualNetworks/tfazure-vnet",
            "location": "westeurope",
            "name": "tfazure-vnet",
            "resource_group_name": "tfazure-resource_group",
            "subnet": [],
            "tags": null,
            "timeouts": null,
            "vm_protection_enabled": false
          },
          "sensitive_attributes": [],
          "private": "eyJlMmJmYjczMC1lY2FhLTExZTYtOGY4OC0zNDM2M2JjN2M0YzAiOnsiY3JlYXRlIjoxODAwMDAwMDAwMDAwLCJkZWxldGUiOjE4MDAwMDAwMDAwMDAsInJlYWQiOjMwMDAwMDAwMDAwMCwidXBkYXRlIjoxODAwMDAwMDAwMDAwfX0=",
          "dependencies": [
            "azurerm_resource_group.res-1"
          ]
        }
      ]
    }
  ]
}
